
Microsoft Visual Studio Solution File, Format Version 12.00
# Visual Studio 15
VisualStudioVersion = 15.0.26127.3
MinimumVisualStudioVersion = 10.0.40219.1
Project("{FAE04EC0-301F-11D3-BF4B-00C04F79EFBC}") = "QuizletWidget", "QuizletWidget\QuizletWidget.csproj", "{3C4C8A9A-F401-48F1-A7D9-43500AC6135F}"
EndProject
Project("{FAE04EC0-301F-11D3-BF4B-00C04F79EFBC}") = "QuizletNet", "QuizletNet\QuizletNet.csproj", "{91C42AB1-BF50-46BD-AB8A-23B6CEEBFC1E}"
EndProject
Global
	GlobalSection(SolutionConfigurationPlatforms) = preSolution
		Debug|Any CPU = Debug|Any CPU
		Release|Any CPU = Release|Any CPU
	EndGlobalSection
	GlobalSection(ProjectConfigurationPlatforms) = postSolution
		{3C4C8A9A-F401-48F1-A7D9-43500AC6135F}.Debug|Any CPU.ActiveCfg = Debug|x86
		{3C4C8A9A-F401-48F1-A7D9-43500AC6135F}.Debug|Any CPU.Build.0 = Debug|x86
		{3C4C8A9A-F401-48F1-A7D9-43500AC6135F}.Release|Any CPU.ActiveCfg = Release|Any CPU
		{3C4C8A9A-F401-48F1-A7D9-43500AC6135F}.Release|Any CPU.Build.0 = Release|Any CPU
		{91C42AB1-BF50-46BD-AB8A-23B6CEEBFC1E}.Debug|Any CPU.ActiveCfg = Debug|Any CPU
		{91C42AB1-BF50-46BD-AB8A-23B6CEEBFC1E}.Debug|Any CPU.Build.0 = Debug|Any CPU
		{91C42AB1-BF50-46BD-AB8A-23B6CEEBFC1E}.Release|Any CPU.ActiveCfg = Release|Any CPU
		{91C42AB1-BF50-46BD-AB8A-23B6CEEBFC1E}.Release|Any CPU.Build.0 = Release|Any CPU
	EndGlobalSection
	GlobalSection(SolutionProperties) = preSolution
		HideSolutionNode = FALSE
	EndGlobalSection
EndGlobal
